# THIS IS AN AUTOGENERATED FILE. DO NOT EDIT THIS FILE DIRECTLY.
# yarn lockfile v1


remask@^0.1.0-alpha.5:
  version "0.1.0-alpha.5"
  resolved "https://registry.yarnpkg.com/remask/-/remask-0.1.0-alpha.5.tgz#003d49b203210501a4e66b6e7c034e6a92b6e417"
  integrity sha512-oRVGV7FWDvL6aOcATa/TPyNs78PUr9F1gn2495/J2A4G1B6mSGWKnZfyyc5hfoqLkpxmUdF2LR/pICR2Ox9Ovw==
  dependencies:
    vanilla-masker "^1.2.0"

vanilla-masker@^1.2.0:
  version "1.2.0"
  resolved "https://registry.yarnpkg.com/vanilla-masker/-/vanilla-masker-1.2.0.tgz#c2830e9d994a5fecd2261506477c2707fe589756"
  integrity sha1-woMOnZlKX+zSJhUGR3wnB/5Yl1Y=
